
Microsoft Visual Studio Solution File, Format Version 12.00
# Visual Studio 14
VisualStudioVersion = 14.0.25123.0
MinimumVisualStudioVersion = 10.0.40219.1
Project("{2150E333-8FDC-42A3-9474-1A3956D46DE8}") = "src", "src", "{FD7A8195-8F4C-4892-BB0A-646487A02B83}"
EndProject
Project("{2150E333-8FDC-42A3-9474-1A3956D46DE8}") = "Solution Items", "Solution Items", "{8CB6A67F-8017-4E1F-8590-B9BCC15FF7E8}"
	ProjectSection(SolutionItems) = preProject
		global.json = global.json
	EndProjectSection
EndProject
Project("{8BB2217D-0F2D-49D1-97BC-3654ED321F3B}") = "AspNetAngularTemplate", "src\AspNetAngularTemplate\AspNetAngularTemplate.xproj", "{29DC96DC-6A4E-4ABF-A7F6-5F5A949E9E7D}"
EndProject
Global
	GlobalSection(SolutionConfigurationPlatforms) = preSolution
		Debug|Any CPU = Debug|Any CPU
		Release|Any CPU = Release|Any CPU
	EndGlobalSection
	GlobalSection(ProjectConfigurationPlatforms) = postSolution
		{29DC96DC-6A4E-4ABF-A7F6-5F5A949E9E7D}.Debug|Any CPU.ActiveCfg = Debug|Any CPU
		{29DC96DC-6A4E-4ABF-A7F6-5F5A949E9E7D}.Debug|Any CPU.Build.0 = Debug|Any CPU
		{29DC96DC-6A4E-4ABF-A7F6-5F5A949E9E7D}.Release|Any CPU.ActiveCfg = Release|Any CPU
		{29DC96DC-6A4E-4ABF-A7F6-5F5A949E9E7D}.Release|Any CPU.Build.0 = Release|Any CPU
	EndGlobalSection
	GlobalSection(SolutionProperties) = preSolution
		HideSolutionNode = FALSE
	EndGlobalSection
	GlobalSection(NestedProjects) = preSolution
		{29DC96DC-6A4E-4ABF-A7F6-5F5A949E9E7D} = {FD7A8195-8F4C-4892-BB0A-646487A02B83}
	EndGlobalSection
EndGlobal
